
Microsoft Visual Studio Solution File, Format Version 12.00
# Visual Studio 14
VisualStudioVersion = 14.0.25123.0
MinimumVisualStudioVersion = 10.0.40219.1
Project("{FAE04EC0-301F-11D3-BF4B-00C04F79EFBC}") = "01. Numbers from 1 to N", "01. Numbers from 1 to N\01. Numbers from 1 to N.csproj", "{9F7401B8-493C-4FD8-B0D2-3205D211B8E8}"
EndProject
Project("{FAE04EC0-301F-11D3-BF4B-00C04F79EFBC}") = "02. Not Divisible Numbers", "02. Not Divisible Numbers\02. Not Divisible Numbers.csproj", "{EB56FE5A-662A-4DA8-A9D5-CEF9D58607FD}"
EndProject
Project("{FAE04EC0-301F-11D3-BF4B-00C04F79EFBC}") = "03. MMSA of N Numbers", "03. MMSA of N Numbers\03. MMSA of N Numbers.csproj", "{28DBA8D4-B3E8-464B-9FA2-A1A265AB8283}"
EndProject
Project("{FAE04EC0-301F-11D3-BF4B-00C04F79EFBC}") = "04. Print a Deck", "04. Print a Deck\04. Print a Deck.csproj", "{A08C5ED8-65B7-4D90-A800-57B8D55C6BC5}"
EndProject
Project("{FAE04EC0-301F-11D3-BF4B-00C04F79EFBC}") = "05. Calculate!", "05. Calculate!\05. Calculate!.csproj", "{B4EAC687-DDF6-4529-BD4B-E6355F51D692}"
EndProject
Project("{FAE04EC0-301F-11D3-BF4B-00C04F79EFBC}") = "06. Calculate Again!", "06. Calculate Again!\06. Calculate Again!.csproj", "{C1376C35-9792-43D8-A42C-3ED9B3BD2904}"
EndProject
Project("{FAE04EC0-301F-11D3-BF4B-00C04F79EFBC}") = "07. Calculate 3!", "07. Calculate 3!\07. Calculate 3!.csproj", "{BDEE9D4D-6DBA-4E4F-9C7F-E2E12BA4BB80}"
EndProject
Project("{FAE04EC0-301F-11D3-BF4B-00C04F79EFBC}") = "08. Catalan Numbers", "08. Catalan Numbers\08. Catalan Numbers.csproj", "{A1553D03-AA02-4DAA-B9B8-DECEA17F8927}"
EndProject
Project("{FAE04EC0-301F-11D3-BF4B-00C04F79EFBC}") = "09. Matrix of Numbers", "09. Matrix of Numbers\09. Matrix of Numbers.csproj", "{DE02CA87-5A2A-4F6A-9F9F-62EF1DF7DF0A}"
EndProject
Global
	GlobalSection(SolutionConfigurationPlatforms) = preSolution
		Debug|Any CPU = Debug|Any CPU
		Release|Any CPU = Release|Any CPU
	EndGlobalSection
	GlobalSection(ProjectConfigurationPlatforms) = postSolution
		{9F7401B8-493C-4FD8-B0D2-3205D211B8E8}.Debug|Any CPU.ActiveCfg = Debug|Any CPU
		{9F7401B8-493C-4FD8-B0D2-3205D211B8E8}.Debug|Any CPU.Build.0 = Debug|Any CPU
		{9F7401B8-493C-4FD8-B0D2-3205D211B8E8}.Release|Any CPU.ActiveCfg = Release|Any CPU
		{9F7401B8-493C-4FD8-B0D2-3205D211B8E8}.Release|Any CPU.Build.0 = Release|Any CPU
		{EB56FE5A-662A-4DA8-A9D5-CEF9D58607FD}.Debug|Any CPU.ActiveCfg = Debug|Any CPU
		{EB56FE5A-662A-4DA8-A9D5-CEF9D58607FD}.Debug|Any CPU.Build.0 = Debug|Any CPU
		{EB56FE5A-662A-4DA8-A9D5-CEF9D58607FD}.Release|Any CPU.ActiveCfg = Release|Any CPU
		{EB56FE5A-662A-4DA8-A9D5-CEF9D58607FD}.Release|Any CPU.Build.0 = Release|Any CPU
		{28DBA8D4-B3E8-464B-9FA2-A1A265AB8283}.Debug|Any CPU.ActiveCfg = Debug|Any CPU
		{28DBA8D4-B3E8-464B-9FA2-A1A265AB8283}.Debug|Any CPU.Build.0 = Debug|Any CPU
		{28DBA8D4-B3E8-464B-9FA2-A1A265AB8283}.Release|Any CPU.ActiveCfg = Release|Any CPU
		{28DBA8D4-B3E8-464B-9FA2-A1A265AB8283}.Release|Any CPU.Build.0 = Release|Any CPU
		{A08C5ED8-65B7-4D90-A800-57B8D55C6BC5}.Debug|Any CPU.ActiveCfg = Debug|Any CPU
		{A08C5ED8-65B7-4D90-A800-57B8D55C6BC5}.Debug|Any CPU.Build.0 = Debug|Any CPU
		{A08C5ED8-65B7-4D90-A800-57B8D55C6BC5}.Release|Any CPU.ActiveCfg = Release|Any CPU
		{A08C5ED8-65B7-4D90-A800-57B8D55C6BC5}.Release|Any CPU.Build.0 = Release|Any CPU
		{B4EAC687-DDF6-4529-BD4B-E6355F51D692}.Debug|Any CPU.ActiveCfg = Debug|Any CPU
		{B4EAC687-DDF6-4529-BD4B-E6355F51D692}.Debug|Any CPU.Build.0 = Debug|Any CPU
		{B4EAC687-DDF6-4529-BD4B-E6355F51D692}.Release|Any CPU.ActiveCfg = Release|Any CPU
		{B4EAC687-DDF6-4529-BD4B-E6355F51D692}.Release|Any CPU.Build.0 = Release|Any CPU
		{C1376C35-9792-43D8-A42C-3ED9B3BD2904}.Debug|Any CPU.ActiveCfg = Debug|Any CPU
		{C1376C35-9792-43D8-A42C-3ED9B3BD2904}.Debug|Any CPU.Build.0 = Debug|Any CPU
		{C1376C35-9792-43D8-A42C-3ED9B3BD2904}.Release|Any CPU.ActiveCfg = Release|Any CPU
		{C1376C35-9792-43D8-A42C-3ED9B3BD2904}.Release|Any CPU.Build.0 = Release|Any CPU
		{BDEE9D4D-6DBA-4E4F-9C7F-E2E12BA4BB80}.Debug|Any CPU.ActiveCfg = Debug|Any CPU
		{BDEE9D4D-6DBA-4E4F-9C7F-E2E12BA4BB80}.Debug|Any CPU.Build.0 = Debug|Any CPU
		{BDEE9D4D-6DBA-4E4F-9C7F-E2E12BA4BB80}.Release|Any CPU.ActiveCfg = Release|Any CPU
		{BDEE9D4D-6DBA-4E4F-9C7F-E2E12BA4BB80}.Release|Any CPU.Build.0 = Release|Any CPU
		{A1553D03-AA02-4DAA-B9B8-DECEA17F8927}.Debug|Any CPU.ActiveCfg = Debug|Any CPU
		{A1553D03-AA02-4DAA-B9B8-DECEA17F8927}.Debug|Any CPU.Build.0 = Debug|Any CPU
		{A1553D03-AA02-4DAA-B9B8-DECEA17F8927}.Release|Any CPU.ActiveCfg = Release|Any CPU
		{A1553D03-AA02-4DAA-B9B8-DECEA17F8927}.Release|Any CPU.Build.0 = Release|Any CPU
		{DE02CA87-5A2A-4F6A-9F9F-62EF1DF7DF0A}.Debug|Any CPU.ActiveCfg = Debug|Any CPU
		{DE02CA87-5A2A-4F6A-9F9F-62EF1DF7DF0A}.Debug|Any CPU.Build.0 = Debug|Any CPU
		{DE02CA87-5A2A-4F6A-9F9F-62EF1DF7DF0A}.Release|Any CPU.ActiveCfg = Release|Any CPU
		{DE02CA87-5A2A-4F6A-9F9F-62EF1DF7DF0A}.Release|Any CPU.Build.0 = Release|Any CPU
	EndGlobalSection
	GlobalSection(SolutionProperties) = preSolution
		HideSolutionNode = FALSE
	EndGlobalSection
EndGlobal
