
Microsoft Visual Studio Solution File, Format Version 12.00
# Visual Studio 14
VisualStudioVersion = 14.0.25123.0
MinimumVisualStudioVersion = 10.0.40219.1
Project("{FAE04EC0-301F-11D3-BF4B-00C04F79EFBC}") = "01. Exchange If Greater", "01. Exchange If Greater\01. Exchange If Greater.csproj", "{DE10FC9C-C271-4749-84C7-35749469C24F}"
EndProject
Project("{FAE04EC0-301F-11D3-BF4B-00C04F79EFBC}") = "02. Bonus Score", "02. Bonus Score\02. Bonus Score.csproj", "{2DD83D0B-7743-4ED1-9C72-419C30C69AAA}"
EndProject
Project("{FAE04EC0-301F-11D3-BF4B-00C04F79EFBC}") = "03. Check for a Play Card", "03. Check for a Play Card\03. Check for a Play Card.csproj", "{BDD987E9-8558-4124-9CF5-F23225BF6741}"
EndProject
Project("{FAE04EC0-301F-11D3-BF4B-00C04F79EFBC}") = "04. Multiplication Sign", "04. Multiplication Sign\04. Multiplication Sign.csproj", "{82FFA2C5-BEA2-4D29-AD94-264952D3356E}"
EndProject
Project("{FAE04EC0-301F-11D3-BF4B-00C04F79EFBC}") = "05. Biggest of 3", "05. Biggest of 3\05. Biggest of 3.csproj", "{C7197F03-5172-4A16-B533-C13B98B13D94}"
EndProject
Project("{FAE04EC0-301F-11D3-BF4B-00C04F79EFBC}") = "06. Biggest of 5", "06. Biggest of 5\06. Biggest of 5.csproj", "{6E3D5BBE-B1F9-423C-BEF3-DF6F46402D73}"
EndProject
Global
	GlobalSection(SolutionConfigurationPlatforms) = preSolution
		Debug|Any CPU = Debug|Any CPU
		Release|Any CPU = Release|Any CPU
	EndGlobalSection
	GlobalSection(ProjectConfigurationPlatforms) = postSolution
		{DE10FC9C-C271-4749-84C7-35749469C24F}.Debug|Any CPU.ActiveCfg = Debug|Any CPU
		{DE10FC9C-C271-4749-84C7-35749469C24F}.Debug|Any CPU.Build.0 = Debug|Any CPU
		{DE10FC9C-C271-4749-84C7-35749469C24F}.Release|Any CPU.ActiveCfg = Release|Any CPU
		{DE10FC9C-C271-4749-84C7-35749469C24F}.Release|Any CPU.Build.0 = Release|Any CPU
		{2DD83D0B-7743-4ED1-9C72-419C30C69AAA}.Debug|Any CPU.ActiveCfg = Debug|Any CPU
		{2DD83D0B-7743-4ED1-9C72-419C30C69AAA}.Debug|Any CPU.Build.0 = Debug|Any CPU
		{2DD83D0B-7743-4ED1-9C72-419C30C69AAA}.Release|Any CPU.ActiveCfg = Release|Any CPU
		{2DD83D0B-7743-4ED1-9C72-419C30C69AAA}.Release|Any CPU.Build.0 = Release|Any CPU
		{BDD987E9-8558-4124-9CF5-F23225BF6741}.Debug|Any CPU.ActiveCfg = Debug|Any CPU
		{BDD987E9-8558-4124-9CF5-F23225BF6741}.Debug|Any CPU.Build.0 = Debug|Any CPU
		{BDD987E9-8558-4124-9CF5-F23225BF6741}.Release|Any CPU.ActiveCfg = Release|Any CPU
		{BDD987E9-8558-4124-9CF5-F23225BF6741}.Release|Any CPU.Build.0 = Release|Any CPU
		{82FFA2C5-BEA2-4D29-AD94-264952D3356E}.Debug|Any CPU.ActiveCfg = Debug|Any CPU
		{82FFA2C5-BEA2-4D29-AD94-264952D3356E}.Debug|Any CPU.Build.0 = Debug|Any CPU
		{82FFA2C5-BEA2-4D29-AD94-264952D3356E}.Release|Any CPU.ActiveCfg = Release|Any CPU
		{82FFA2C5-BEA2-4D29-AD94-264952D3356E}.Release|Any CPU.Build.0 = Release|Any CPU
		{C7197F03-5172-4A16-B533-C13B98B13D94}.Debug|Any CPU.ActiveCfg = Debug|Any CPU
		{C7197F03-5172-4A16-B533-C13B98B13D94}.Debug|Any CPU.Build.0 = Debug|Any CPU
		{C7197F03-5172-4A16-B533-C13B98B13D94}.Release|Any CPU.ActiveCfg = Release|Any CPU
		{C7197F03-5172-4A16-B533-C13B98B13D94}.Release|Any CPU.Build.0 = Release|Any CPU
		{6E3D5BBE-B1F9-423C-BEF3-DF6F46402D73}.Debug|Any CPU.ActiveCfg = Debug|Any CPU
		{6E3D5BBE-B1F9-423C-BEF3-DF6F46402D73}.Debug|Any CPU.Build.0 = Debug|Any CPU
		{6E3D5BBE-B1F9-423C-BEF3-DF6F46402D73}.Release|Any CPU.ActiveCfg = Release|Any CPU
		{6E3D5BBE-B1F9-423C-BEF3-DF6F46402D73}.Release|Any CPU.Build.0 = Release|Any CPU
	EndGlobalSection
	GlobalSection(SolutionProperties) = preSolution
		HideSolutionNode = FALSE
	EndGlobalSection
EndGlobal
