
Microsoft Visual Studio Solution File, Format Version 12.00
# Visual Studio 14
VisualStudioVersion = 14.0.24720.0
MinimumVisualStudioVersion = 10.0.40219.1
Project("{FAE04EC0-301F-11D3-BF4B-00C04F79EFBC}") = "01. Declare Variables", "01. Declare Variables\01. Declare Variables.csproj", "{6BB59908-35C7-4E1D-B392-CF8E8A29190E}"
EndProject
Project("{FAE04EC0-301F-11D3-BF4B-00C04F79EFBC}") = "02. Float or Double", "02. Float or Double\02. Float or Double.csproj", "{3D505127-7084-4F0F-B902-2C406EB86C5D}"
EndProject
Project("{FAE04EC0-301F-11D3-BF4B-00C04F79EFBC}") = "03. Variable in Hexadecimal Format", "03. Variable in Hexadecimal Format\03. Variable in Hexadecimal Format.csproj", "{4B685D4F-A911-478B-918B-419F94022EDB}"
EndProject
Project("{FAE04EC0-301F-11D3-BF4B-00C04F79EFBC}") = "04. Unicode Character", "04. Unicode Character\04. Unicode Character.csproj", "{5868EAA2-1FB7-41BF-842F-1DBBCD5FBA1F}"
EndProject
Project("{FAE04EC0-301F-11D3-BF4B-00C04F79EFBC}") = "05. Boolean Variable", "05. Boolean Variable\05. Boolean Variable.csproj", "{EA92FD65-5AF6-4A7D-B9C8-7ABC47797344}"
EndProject
Global
	GlobalSection(SolutionConfigurationPlatforms) = preSolution
		Debug|Any CPU = Debug|Any CPU
		Release|Any CPU = Release|Any CPU
	EndGlobalSection
	GlobalSection(ProjectConfigurationPlatforms) = postSolution
		{6BB59908-35C7-4E1D-B392-CF8E8A29190E}.Debug|Any CPU.ActiveCfg = Debug|Any CPU
		{6BB59908-35C7-4E1D-B392-CF8E8A29190E}.Debug|Any CPU.Build.0 = Debug|Any CPU
		{6BB59908-35C7-4E1D-B392-CF8E8A29190E}.Release|Any CPU.ActiveCfg = Release|Any CPU
		{6BB59908-35C7-4E1D-B392-CF8E8A29190E}.Release|Any CPU.Build.0 = Release|Any CPU
		{3D505127-7084-4F0F-B902-2C406EB86C5D}.Debug|Any CPU.ActiveCfg = Debug|Any CPU
		{3D505127-7084-4F0F-B902-2C406EB86C5D}.Debug|Any CPU.Build.0 = Debug|Any CPU
		{3D505127-7084-4F0F-B902-2C406EB86C5D}.Release|Any CPU.ActiveCfg = Release|Any CPU
		{3D505127-7084-4F0F-B902-2C406EB86C5D}.Release|Any CPU.Build.0 = Release|Any CPU
		{4B685D4F-A911-478B-918B-419F94022EDB}.Debug|Any CPU.ActiveCfg = Debug|Any CPU
		{4B685D4F-A911-478B-918B-419F94022EDB}.Debug|Any CPU.Build.0 = Debug|Any CPU
		{4B685D4F-A911-478B-918B-419F94022EDB}.Release|Any CPU.ActiveCfg = Release|Any CPU
		{4B685D4F-A911-478B-918B-419F94022EDB}.Release|Any CPU.Build.0 = Release|Any CPU
		{5868EAA2-1FB7-41BF-842F-1DBBCD5FBA1F}.Debug|Any CPU.ActiveCfg = Debug|Any CPU
		{5868EAA2-1FB7-41BF-842F-1DBBCD5FBA1F}.Debug|Any CPU.Build.0 = Debug|Any CPU
		{5868EAA2-1FB7-41BF-842F-1DBBCD5FBA1F}.Release|Any CPU.ActiveCfg = Release|Any CPU
		{5868EAA2-1FB7-41BF-842F-1DBBCD5FBA1F}.Release|Any CPU.Build.0 = Release|Any CPU
		{EA92FD65-5AF6-4A7D-B9C8-7ABC47797344}.Debug|Any CPU.ActiveCfg = Debug|Any CPU
		{EA92FD65-5AF6-4A7D-B9C8-7ABC47797344}.Debug|Any CPU.Build.0 = Debug|Any CPU
		{EA92FD65-5AF6-4A7D-B9C8-7ABC47797344}.Release|Any CPU.ActiveCfg = Release|Any CPU
		{EA92FD65-5AF6-4A7D-B9C8-7ABC47797344}.Release|Any CPU.Build.0 = Release|Any CPU
	EndGlobalSection
	GlobalSection(SolutionProperties) = preSolution
		HideSolutionNode = FALSE
	EndGlobalSection
EndGlobal
